Microsoft Visual Studio Solution File, Format Version 12.00
# Visual Studio Version 17
VisualStudioVersion = 17.5.2.0
MinimumVisualStudioVersion = 10.0.40219.1
Project("{FAE04EC0-301F-11D3-BF4B-00C04F79EFBC}") = "UserSys", "UserSys\UserSys.csproj", "{EDC2485A-EAFB-C9E6-CDFB-29D57687A5A5}"
EndProject
Global
	GlobalSection(SolutionConfigurationPlatforms) = preSolution
		Debug|Any CPU = Debug|Any CPU
		Release|Any CPU = Release|Any CPU
	EndGlobalSection
	GlobalSection(ProjectConfigurationPlatforms) = postSolution
		{EDC2485A-EAFB-C9E6-CDFB-29D57687A5A5}.Debug|Any CPU.ActiveCfg = Debug|Any CPU
		{EDC2485A-EAFB-C9E6-CDFB-29D57687A5A5}.Debug|Any CPU.Build.0 = Debug|Any CPU
		{EDC2485A-EAFB-C9E6-CDFB-29D57687A5A5}.Release|Any CPU.ActiveCfg = Release|Any CPU
		{EDC2485A-EAFB-C9E6-CDFB-29D57687A5A5}.Release|Any CPU.Build.0 = Release|Any CPU
	EndGlobalSection
	GlobalSection(SolutionProperties) = preSolution
		HideSolutionNode = FALSE
	EndGlobalSection
	GlobalSection(ExtensibilityGlobals) = postSolution
		SolutionGuid = {1427E256-1BD0-4608-B454-7149398151CA}
	EndGlobalSection
EndGlobal
